
Microsoft Visual Studio Solution File, Format Version 12.00
Project("{FAE04EC0-301F-11D3-BF4B-00C04F79EFBC}") = "Socks5in100Lines", "Socks5in100Lines.csproj", "{C345B174-87CE-4FBC-8904-BCC0AD5C6099}"
EndProject
Global
	GlobalSection(SolutionConfigurationPlatforms) = preSolution
		Debug|Any CPU = Debug|Any CPU
		Release|Any CPU = Release|Any CPU
	EndGlobalSection
	GlobalSection(ProjectConfigurationPlatforms) = postSolution
		{C345B174-87CE-4FBC-8904-BCC0AD5C6099}.Debug|Any CPU.ActiveCfg = Debug|Any CPU
		{C345B174-87CE-4FBC-8904-BCC0AD5C6099}.Debug|Any CPU.Build.0 = Debug|Any CPU
		{C345B174-87CE-4FBC-8904-BCC0AD5C6099}.Release|Any CPU.ActiveCfg = Release|Any CPU
		{C345B174-87CE-4FBC-8904-BCC0AD5C6099}.Release|Any CPU.Build.0 = Release|Any CPU
	EndGlobalSection
EndGlobal
